# @generated - this file is auto-generated by `mise lock` https://mise.en.dev/dev-tools/mise-lock.html

[[tools.dotnet]]
version = "8.0.420"
backend = "core:dotnet"

[[tools.go]]
version = "1.25.9"
backend = "core:go"

[tools.go."platforms.linux-arm64"]
checksum = "sha256:ec342e7389b7f489564ed5463c63b16cf8040023dabc7861256677165a8c0e2b"
url = "https://dl.google.com/go/go1.25.9.linux-arm64.tar.gz"

[tools.go."platforms.linux-arm64-musl"]
checksum = "sha256:ec342e7389b7f489564ed5463c63b16cf8040023dabc7861256677165a8c0e2b"
url = "https://dl.google.com/go/go1.25.9.linux-arm64.tar.gz"

[tools.go."platforms.linux-x64"]
checksum = "sha256:00859d7bd6defe8bf84d9db9e57b9a4467b2887c18cd93ae7460e713db774bc1"
url = "https://dl.google.com/go/go1.25.9.linux-amd64.tar.gz"

[tools.go."platforms.linux-x64-musl"]
checksum = "sha256:00859d7bd6defe8bf84d9db9e57b9a4467b2887c18cd93ae7460e713db774bc1"
url = "https://dl.google.com/go/go1.25.9.linux-amd64.tar.gz"

[tools.go."platforms.macos-arm64"]
checksum = "sha256:9528be7329b9770631a6bd09ca2f3a73ed7332bec01d87435e75e92d8f130363"
url = "https://dl.google.com/go/go1.25.9.darwin-arm64.tar.gz"

[tools.go."platforms.macos-x64"]
checksum = "sha256:92cb78fba4796e218c1accb0ea0a214ef2094c382049a244ad6505505d015fbe"
url = "https://dl.google.com/go/go1.25.9.darwin-amd64.tar.gz"

[tools.go."platforms.windows-x64"]
checksum = "sha256:a7a710e225467b34e9e09fb432b829c86c9b2da5821ee5418f7eb2e8ae1a22cc"
url = "https://dl.google.com/go/go1.25.9.windows-amd64.zip"

[[tools."go:github.com/pulumi/pulumictl/cmd/pulumictl"]]
version = "0.0.50"
backend = "go:github.com/pulumi/pulumictl/cmd/pulumictl"

[[tools.golangci-lint]]
version = "2.12.1"
backend = "aqua:golangci/golangci-lint"

[tools.golangci-lint."platforms.linux-arm64"]
checksum = "sha256:23c8e14f42b288d11d46ef52c622e2481d92901edfb263c2cf10875f38d386c4"
url = "https://github.com/golangci/golangci-lint/releases/download/v2.12.1/golangci-lint-2.12.1-linux-arm64.tar.gz"
provenance = "github-attestations"

[tools.golangci-lint."platforms.linux-arm64-musl"]
checksum = "sha256:23c8e14f42b288d11d46ef52c622e2481d92901edfb263c2cf10875f38d386c4"
url = "https://github.com/golangci/golangci-lint/releases/download/v2.12.1/golangci-lint-2.12.1-linux-arm64.tar.gz"
provenance = "github-attestations"

[tools.golangci-lint."platforms.linux-x64"]
checksum = "sha256:82c7932d9aa10c34e22ef56961ac5aad71d4a14806a1a31b06931add2688b368"
url = "https://github.com/golangci/golangci-lint/releases/download/v2.12.1/golangci-lint-2.12.1-linux-amd64.tar.gz"
provenance = "github-attestations"

[tools.golangci-lint."platforms.linux-x64-musl"]
checksum = "sha256:82c7932d9aa10c34e22ef56961ac5aad71d4a14806a1a31b06931add2688b368"
url = "https://github.com/golangci/golangci-lint/releases/download/v2.12.1/golangci-lint-2.12.1-linux-amd64.tar.gz"
provenance = "github-attestations"

[tools.golangci-lint."platforms.macos-arm64"]
checksum = "sha256:393a64ef9b75a5b6c8c8bf8895b8d8208790e6690a43de19a12f3f8bc0e9ad52"
url = "https://github.com/golangci/golangci-lint/releases/download/v2.12.1/golangci-lint-2.12.1-darwin-arm64.tar.gz"
provenance = "github-attestations"

[tools.golangci-lint."platforms.macos-x64"]
checksum = "sha256:26a9508ee6d35e89201145b94261d7b55d779474c57677a7bba8b1f12f59309f"
url = "https://github.com/golangci/golangci-lint/releases/download/v2.12.1/golangci-lint-2.12.1-darwin-amd64.tar.gz"
provenance = "github-attestations"

[tools.golangci-lint."platforms.windows-x64"]
checksum = "sha256:2b2f837b2a7b91787ecb9b7493bdeae801e9f84e6588984b2c33c34dc2956478"
url = "https://github.com/golangci/golangci-lint/releases/download/v2.12.1/golangci-lint-2.12.1-windows-amd64.zip"
provenance = "github-attestations"

[[tools.node]]
version = "24.17.0"
backend = "core:node"

[tools.node."platforms.linux-arm64"]
checksum = "sha256:faa0d59ba7fe7045c950ed09b190578fb8eee73e4358686d38fcc99ca58c1480"
url = "https://nodejs.org/dist/v24.17.0/node-v24.17.0-linux-arm64.tar.gz"

[tools.node."platforms.linux-arm64-musl"]
checksum = "sha256:cc54f73a1a4108d9e325eb201d90b25eeab60edc92b2a13240b2877a74c596da"
url = "https://unofficial-builds.nodejs.org/download/release/v24.17.0/node-v24.17.0-linux-arm64-musl.tar.gz"

[tools.node."platforms.linux-x64"]
checksum = "sha256:e0472427aa791ad80bdc426ff7cc73cdd28ed0f616d1ff9689a23a7f47f1265f"
url = "https://nodejs.org/dist/v24.17.0/node-v24.17.0-linux-x64.tar.gz"

[tools.node."platforms.linux-x64-musl"]
checksum = "sha256:f884c958c0652f7cd0ea43fdc39dddd1a98456ea9b1adeca85964847e2e39fb0"
url = "https://unofficial-builds.nodejs.org/download/release/v24.17.0/node-v24.17.0-linux-x64-musl.tar.gz"

[tools.node."platforms.macos-arm64"]
checksum = "sha256:4fc3266a3702eebc39cc37661cf4eeceeade307e242ab64e4d7ce7949197e11f"
url = "https://nodejs.org/dist/v24.17.0/node-v24.17.0-darwin-arm64.tar.gz"

[tools.node."platforms.macos-x64"]
checksum = "sha256:80da552fe037290cb130e9dea590f5eeeb7aa450636f0c89ab41415511c1ec27"
url = "https://nodejs.org/dist/v24.17.0/node-v24.17.0-darwin-x64.tar.gz"

[tools.node."platforms.windows-x64"]
checksum = "sha256:f2aa33b35b75aca5f3f7b85675a6f6423201053e9381911e64961f3bda2528ab"
url = "https://nodejs.org/dist/v24.17.0/node-v24.17.0-win-x64.zip"

[[tools.pulumi]]
version = "3.234.0"
backend = "aqua:pulumi/pulumi"

[tools.pulumi."platforms.linux-arm64"]
checksum = "sha256:a840d56a3af45292eeceab36c1b2b2f5d06d8ab4ae9fb43cb4ba8e1dfcafbce1"
url = "https://github.com/pulumi/pulumi/releases/download/v3.234.0/pulumi-v3.234.0-linux-arm64.tar.gz"
provenance = "cosign"

[tools.pulumi."platforms.linux-arm64-musl"]
checksum = "sha256:a840d56a3af45292eeceab36c1b2b2f5d06d8ab4ae9fb43cb4ba8e1dfcafbce1"
url = "https://github.com/pulumi/pulumi/releases/download/v3.234.0/pulumi-v3.234.0-linux-arm64.tar.gz"
provenance = "cosign"

[tools.pulumi."platforms.linux-x64"]
checksum = "sha256:65787e72cb3eb383976f93f138e5941fed01d81549412d43bd0e00117e54ff81"
url = "https://github.com/pulumi/pulumi/releases/download/v3.234.0/pulumi-v3.234.0-linux-x64.tar.gz"
provenance = "cosign"

[tools.pulumi."platforms.linux-x64-musl"]
checksum = "sha256:65787e72cb3eb383976f93f138e5941fed01d81549412d43bd0e00117e54ff81"
url = "https://github.com/pulumi/pulumi/releases/download/v3.234.0/pulumi-v3.234.0-linux-x64.tar.gz"
provenance = "cosign"

[tools.pulumi."platforms.macos-arm64"]
checksum = "sha256:003f392f386c1ba02d38893dac8af6a194279ed30102877983c97cefa55ffaec"
url = "https://github.com/pulumi/pulumi/releases/download/v3.234.0/pulumi-v3.234.0-darwin-arm64.tar.gz"
provenance = "cosign"

[tools.pulumi."platforms.macos-x64"]
checksum = "sha256:7e50b93dde0818a4b0b5fbc051a3fc945c2de9501550230e44faad15aa23c7ee"
url = "https://github.com/pulumi/pulumi/releases/download/v3.234.0/pulumi-v3.234.0-darwin-x64.tar.gz"
provenance = "cosign"

[tools.pulumi."platforms.windows-x64"]
checksum = "sha256:340f8ae01158f6bcfc8ce41149b0ddbae6eeba9025848877cc9205ffbb8324be"
url = "https://github.com/pulumi/pulumi/releases/download/v3.234.0/pulumi-v3.234.0-windows-x64.zip"
provenance = "cosign"

[[tools.python]]
version = "3.11.15"
backend = "core:python"

[tools.python."platforms.linux-arm64"]
checksum = "sha256:9ac18c9a761e91e6c6452bc0ef0082922a00a3fdec734555635d57c3169309b7"
url = "https://github.com/astral-sh/python-build-standalone/releases/download/20260623/cpython-3.11.15+20260623-aarch64-unknown-linux-gnu-install_only_stripped.tar.gz"
provenance = "github-attestations"

[tools.python."platforms.linux-arm64-musl"]
checksum = "sha256:bcd414f2e9d8cc5d4ac7fab2c8f912e30379c150fa6b94da19d64daf85cfc5d4"
url = "https://github.com/astral-sh/python-build-standalone/releases/download/20260623/cpython-3.11.15+20260623-aarch64-unknown-linux-musl-install_only_stripped.tar.gz"
provenance = "github-attestations"

[tools.python."platforms.linux-x64"]
checksum = "sha256:0604cd029b142dc223e131f17f5941c0c8d2d5074997c8178b515b19eea2a6c2"
url = "https://github.com/astral-sh/python-build-standalone/releases/download/20260623/cpython-3.11.15+20260623-x86_64-unknown-linux-gnu-install_only_stripped.tar.gz"
provenance = "github-attestations"

[tools.python."platforms.linux-x64-musl"]
checksum = "sha256:45bffdb320cf4a2c2dbf183b634aeb7e28f9cb0646f715b2f4117c11084d839a"
url = "https://github.com/astral-sh/python-build-standalone/releases/download/20260623/cpython-3.11.15+20260623-x86_64-unknown-linux-musl-install_only_stripped.tar.gz"
provenance = "github-attestations"

[tools.python."platforms.macos-arm64"]
checksum = "sha256:2318799eaf104f8a29bc09a93b0851b05dbbcb4ce9a5f045ddea169c0c7ff3a5"
url = "https://github.com/astral-sh/python-build-standalone/releases/download/20260623/cpython-3.11.15+20260623-aarch64-apple-darwin-install_only_stripped.tar.gz"
provenance = "github-attestations"

[tools.python."platforms.macos-x64"]
checksum = "sha256:4925e5aaa9bc77c85302d350b36c1d9def2002996a6bcfa55c88ba6eb318de29"
url = "https://github.com/astral-sh/python-build-standalone/releases/download/20260623/cpython-3.11.15+20260623-x86_64-apple-darwin-install_only_stripped.tar.gz"
provenance = "github-attestations"

[tools.python."platforms.windows-x64"]
checksum = "sha256:6589ca6d63f520bec4096d62b3ab91da3d0a80b16b594c99a6b677e335814683"
url = "https://github.com/astral-sh/python-build-standalone/releases/download/20260623/cpython-3.11.15+20260623-x86_64-pc-windows-msvc-install_only_stripped.tar.gz"
provenance = "github-attestations"

[[tools.uv]]
version = "0.11.8"
backend = "aqua:astral-sh/uv"

[tools.uv."platforms.linux-arm64"]
checksum = "sha256:29418befb64f926a2dba3473e8e69acd00b36fb845d85344ef11321a993ad8f5"
url = "https://github.com/astral-sh/uv/releases/download/0.11.8/uv-aarch64-unknown-linux-musl.tar.gz"
provenance = "github-attestations"

[tools.uv."platforms.linux-arm64-musl"]
checksum = "sha256:29418befb64f926a2dba3473e8e69acd00b36fb845d85344ef11321a993ad8f5"
url = "https://github.com/astral-sh/uv/releases/download/0.11.8/uv-aarch64-unknown-linux-musl.tar.gz"
provenance = "github-attestations"

[tools.uv."platforms.linux-x64"]
checksum = "sha256:de82507d12e31cfc86c1c776238f7c248e48e40d996dedc812d64fdd31c6ed12"
url = "https://github.com/astral-sh/uv/releases/download/0.11.8/uv-x86_64-unknown-linux-musl.tar.gz"
provenance = "github-attestations"

[tools.uv."platforms.linux-x64-musl"]
checksum = "sha256:de82507d12e31cfc86c1c776238f7c248e48e40d996dedc812d64fdd31c6ed12"
url = "https://github.com/astral-sh/uv/releases/download/0.11.8/uv-x86_64-unknown-linux-musl.tar.gz"
provenance = "github-attestations"

[tools.uv."platforms.macos-arm64"]
checksum = "sha256:c729adb365114e844dd7f9316313a7ed6443b89bb5681d409eebac78b0bd06c8"
url = "https://github.com/astral-sh/uv/releases/download/0.11.8/uv-aarch64-apple-darwin.tar.gz"
provenance = "github-attestations"

[tools.uv."platforms.macos-x64"]
checksum = "sha256:c59d73bf34b58bc8e33a11629f7a255c11789fd00f03cd3e68ab2d1603645de9"
url = "https://github.com/astral-sh/uv/releases/download/0.11.8/uv-x86_64-apple-darwin.tar.gz"
provenance = "github-attestations"

[tools.uv."platforms.windows-x64"]
checksum = "sha256:c84629a56e0706b69a47ea35862208af827cb6fbfa1d0ca763c52c67594637e8"
url = "https://github.com/astral-sh/uv/releases/download/0.11.8/uv-x86_64-pc-windows-msvc.zip"
provenance = "github-attestations"
