# @generated - this file is auto-generated by `mise lock` https://mise.en.dev/dev-tools/mise-lock.html

[[tools.actionlint]]
version = "1.7.12"
backend = "aqua:rhysd/actionlint"

[tools.actionlint."platforms.linux-arm64"]
checksum = "sha256:325e971b6ba9bfa504672e29be93c24981eeb1c07576d730e9f7c8805afff0c6"
url = "https://github.com/rhysd/actionlint/releases/download/v1.7.12/actionlint_1.7.12_linux_arm64.tar.gz"
provenance = "github-attestations"

[tools.actionlint."platforms.linux-arm64-musl"]
checksum = "sha256:325e971b6ba9bfa504672e29be93c24981eeb1c07576d730e9f7c8805afff0c6"
url = "https://github.com/rhysd/actionlint/releases/download/v1.7.12/actionlint_1.7.12_linux_arm64.tar.gz"
provenance = "github-attestations"

[tools.actionlint."platforms.linux-x64"]
checksum = "sha256:8aca8db96f1b94770f1b0d72b6dddcb1ebb8123cb3712530b08cc387b349a3d8"
url = "https://github.com/rhysd/actionlint/releases/download/v1.7.12/actionlint_1.7.12_linux_amd64.tar.gz"
provenance = "github-attestations"

[tools.actionlint."platforms.linux-x64-musl"]
checksum = "sha256:8aca8db96f1b94770f1b0d72b6dddcb1ebb8123cb3712530b08cc387b349a3d8"
url = "https://github.com/rhysd/actionlint/releases/download/v1.7.12/actionlint_1.7.12_linux_amd64.tar.gz"
provenance = "github-attestations"

[tools.actionlint."platforms.macos-arm64"]
checksum = "sha256:aba9ced2dee8d27fecca3dc7feb1a7f9a52caefa1eb46f3271ea66b6e0e6953f"
url = "https://github.com/rhysd/actionlint/releases/download/v1.7.12/actionlint_1.7.12_darwin_arm64.tar.gz"
provenance = "github-attestations"

[tools.actionlint."platforms.macos-x64"]
checksum = "sha256:5b44c3bc2255115c9b69e30efc0fecdf498fdb63c5d58e17084fd5f16324c644"
url = "https://github.com/rhysd/actionlint/releases/download/v1.7.12/actionlint_1.7.12_darwin_amd64.tar.gz"
provenance = "github-attestations"

[tools.actionlint."platforms.windows-x64"]
checksum = "sha256:6e7241b51e6817ea6a047693d8e6fed13b31819c9a0dd6c5a726e1592d22f6e9"
url = "https://github.com/rhysd/actionlint/releases/download/v1.7.12/actionlint_1.7.12_windows_amd64.zip"
provenance = "github-attestations"

[[tools.dotnet]]
version = "8.0.420"
backend = "core:dotnet"

[[tools.github-cli]]
version = "2.91.0"
backend = "aqua:cli/cli"

[tools.github-cli."platforms.linux-arm64"]
checksum = "sha256:ccbed39c472d3dc1c501d1e164a9cffd934c5f6fce1012811a1a59d24cb7d7c6"
url = "https://github.com/cli/cli/releases/download/v2.91.0/gh_2.91.0_linux_arm64.tar.gz"
provenance = "github-attestations"

[tools.github-cli."platforms.linux-arm64-musl"]
checksum = "sha256:ccbed39c472d3dc1c501d1e164a9cffd934c5f6fce1012811a1a59d24cb7d7c6"
url = "https://github.com/cli/cli/releases/download/v2.91.0/gh_2.91.0_linux_arm64.tar.gz"
provenance = "github-attestations"

[tools.github-cli."platforms.linux-x64"]
checksum = "sha256:304a0d2460f4a8847d2f192bad4e2a32cd9420d28716e7ae32198181b65b5f9c"
url = "https://github.com/cli/cli/releases/download/v2.91.0/gh_2.91.0_linux_amd64.tar.gz"
provenance = "github-attestations"

[tools.github-cli."platforms.linux-x64-musl"]
checksum = "sha256:304a0d2460f4a8847d2f192bad4e2a32cd9420d28716e7ae32198181b65b5f9c"
url = "https://github.com/cli/cli/releases/download/v2.91.0/gh_2.91.0_linux_amd64.tar.gz"
provenance = "github-attestations"

[tools.github-cli."platforms.macos-arm64"]
checksum = "sha256:20446cd714d9fa1b69fbd410deade3731f38fe09a2b980c8488aa388dd320ada"
url = "https://github.com/cli/cli/releases/download/v2.91.0/gh_2.91.0_macOS_arm64.zip"
provenance = "github-attestations"

[tools.github-cli."platforms.macos-x64"]
checksum = "sha256:8806784f93603fe6d3f95c3583a08df38f175df9ebc123dc8b15f919329980e2"
url = "https://github.com/cli/cli/releases/download/v2.91.0/gh_2.91.0_macOS_amd64.zip"
provenance = "github-attestations"

[tools.github-cli."platforms.windows-x64"]
checksum = "sha256:ced3e6f4bb5a9865056b594b7ad0cf42137dc92c494346f1ca705b5dbf14c88e"
url = "https://github.com/cli/cli/releases/download/v2.91.0/gh_2.91.0_windows_amd64.zip"
provenance = "github-attestations"

[[tools.go]]
version = "1.25.9"
backend = "core:go"

[tools.go."platforms.linux-arm64"]
checksum = "sha256:ec342e7389b7f489564ed5463c63b16cf8040023dabc7861256677165a8c0e2b"
url = "https://dl.google.com/go/go1.25.9.linux-arm64.tar.gz"

[tools.go."platforms.linux-arm64-musl"]
checksum = "sha256:ec342e7389b7f489564ed5463c63b16cf8040023dabc7861256677165a8c0e2b"
url = "https://dl.google.com/go/go1.25.9.linux-arm64.tar.gz"

[tools.go."platforms.linux-x64"]
checksum = "sha256:00859d7bd6defe8bf84d9db9e57b9a4467b2887c18cd93ae7460e713db774bc1"
url = "https://dl.google.com/go/go1.25.9.linux-amd64.tar.gz"

[tools.go."platforms.linux-x64-musl"]
checksum = "sha256:00859d7bd6defe8bf84d9db9e57b9a4467b2887c18cd93ae7460e713db774bc1"
url = "https://dl.google.com/go/go1.25.9.linux-amd64.tar.gz"

[tools.go."platforms.macos-arm64"]
checksum = "sha256:9528be7329b9770631a6bd09ca2f3a73ed7332bec01d87435e75e92d8f130363"
url = "https://dl.google.com/go/go1.25.9.darwin-arm64.tar.gz"

[tools.go."platforms.macos-x64"]
checksum = "sha256:92cb78fba4796e218c1accb0ea0a214ef2094c382049a244ad6505505d015fbe"
url = "https://dl.google.com/go/go1.25.9.darwin-amd64.tar.gz"

[tools.go."platforms.windows-x64"]
checksum = "sha256:a7a710e225467b34e9e09fb432b829c86c9b2da5821ee5418f7eb2e8ae1a22cc"
url = "https://dl.google.com/go/go1.25.9.windows-amd64.zip"

[[tools."go:github.com/pulumi/pulumictl/cmd/pulumictl"]]
version = "0.0.50"
backend = "go:github.com/pulumi/pulumictl/cmd/pulumictl"

[[tools."go:github.com/pulumi/upgrade-provider"]]
version = "main"
backend = "go:github.com/pulumi/upgrade-provider"

[[tools."go:golang.org/x/tools/gopls"]]
version = "0.21.1"
backend = "go:golang.org/x/tools/gopls"

[[tools.golangci-lint]]
version = "2.11.4"
backend = "aqua:golangci/golangci-lint"

[tools.golangci-lint."platforms.linux-arm64"]
checksum = "sha256:3bcfa2e6f3d32b2bf5cd75eaa876447507025e0303698633f722a05331988db4"
url = "https://github.com/golangci/golangci-lint/releases/download/v2.11.4/golangci-lint-2.11.4-linux-arm64.tar.gz"
provenance = "github-attestations"

[tools.golangci-lint."platforms.linux-arm64-musl"]
checksum = "sha256:3bcfa2e6f3d32b2bf5cd75eaa876447507025e0303698633f722a05331988db4"
url = "https://github.com/golangci/golangci-lint/releases/download/v2.11.4/golangci-lint-2.11.4-linux-arm64.tar.gz"
provenance = "github-attestations"

[tools.golangci-lint."platforms.linux-x64"]
checksum = "sha256:200c5b7503f67b59a6743ccf32133026c174e272b930ee79aa2aa6f37aca7ef1"
url = "https://github.com/golangci/golangci-lint/releases/download/v2.11.4/golangci-lint-2.11.4-linux-amd64.tar.gz"
provenance = "github-attestations"

[tools.golangci-lint."platforms.linux-x64-musl"]
checksum = "sha256:200c5b7503f67b59a6743ccf32133026c174e272b930ee79aa2aa6f37aca7ef1"
url = "https://github.com/golangci/golangci-lint/releases/download/v2.11.4/golangci-lint-2.11.4-linux-amd64.tar.gz"
provenance = "github-attestations"

[tools.golangci-lint."platforms.macos-arm64"]
checksum = "sha256:02db2a2dae8b26812e53b0688a6f617e3ef1f489790e829ea22862cf76945675"
url = "https://github.com/golangci/golangci-lint/releases/download/v2.11.4/golangci-lint-2.11.4-darwin-arm64.tar.gz"
provenance = "github-attestations"

[tools.golangci-lint."platforms.macos-x64"]
checksum = "sha256:c900d4048db75d1edfd550fd11cf6a9b3008e7caa8e119fcddbc700412d63e60"
url = "https://github.com/golangci/golangci-lint/releases/download/v2.11.4/golangci-lint-2.11.4-darwin-amd64.tar.gz"
provenance = "github-attestations"

[tools.golangci-lint."platforms.windows-x64"]
checksum = "sha256:4932cfca5e75bf60fe1c576edf459e5e809e6644664a068185d64b84af3fad9e"
url = "https://github.com/golangci/golangci-lint/releases/download/v2.11.4/golangci-lint-2.11.4-windows-amd64.zip"
provenance = "github-attestations"

[[tools.hk]]
version = "1.36.0"
backend = "aqua:jdx/hk"

[tools.hk."platforms.linux-arm64"]
checksum = "sha256:51cf51e2035038ee64d772e71f8daf4978380ef82faffee2b12c413f009341ab"
url = "https://github.com/jdx/hk/releases/download/v1.36.0/hk-aarch64-unknown-linux-gnu.tar.gz"

[tools.hk."platforms.linux-x64"]
checksum = "sha256:d20fa0be3f1135abc74471670306ae0353ad2336804595362293f0c8460952e7"
url = "https://github.com/jdx/hk/releases/download/v1.36.0/hk-x86_64-unknown-linux-gnu.tar.gz"

[tools.hk."platforms.macos-arm64"]
checksum = "sha256:553ff3c7c18d91f1c1dcdbae44315db0324b52336b5a02ed5b9c382f08499b3b"
url = "https://github.com/jdx/hk/releases/download/v1.36.0/hk-aarch64-apple-darwin.tar.gz"

[tools.hk."platforms.windows-x64"]
checksum = "sha256:1f12218ccad806a3f49bcf521f86b6825fbd89486e830c1c04f72e3796f84589"
url = "https://github.com/jdx/hk/releases/download/v1.36.0/hk-x86_64-pc-windows-msvc.zip"

[[tools.java]]
version = "corretto-11.0.31.11.1"
backend = "core:java"

[[tools.node]]
version = "22.22.2"
backend = "core:node"

[tools.node."platforms.linux-arm64"]
checksum = "sha256:b2f3a96f31486bfc365192ad65ced14833ad2a3c2e1bcefec4846902f264fa28"
url = "https://nodejs.org/dist/v22.22.2/node-v22.22.2-linux-arm64.tar.gz"

[tools.node."platforms.linux-arm64-musl"]
checksum = "sha256:7771e3d7bab8078232c9a7702b8423d4f7d1e5227f2339f8ccb64e5040e23a31"
url = "https://unofficial-builds.nodejs.org/download/release/v22.22.2/node-v22.22.2-linux-arm64-musl.tar.gz"

[tools.node."platforms.linux-x64"]
checksum = "sha256:978978a635eef872fa68beae09f0aad0bbbae6757e444da80b570964a97e62a3"
url = "https://nodejs.org/dist/v22.22.2/node-v22.22.2-linux-x64.tar.gz"

[tools.node."platforms.linux-x64-musl"]
checksum = "sha256:2231afd019f2f490ba921a25ba575f1f67e394441407be0491bb878f2823c976"
url = "https://unofficial-builds.nodejs.org/download/release/v22.22.2/node-v22.22.2-linux-x64-musl.tar.gz"

[tools.node."platforms.macos-arm64"]
checksum = "sha256:db4b275b83736df67533529a18cc55de2549a8329ace6c7bcc68f8d22d3c9000"
url = "https://nodejs.org/dist/v22.22.2/node-v22.22.2-darwin-arm64.tar.gz"

[tools.node."platforms.macos-x64"]
checksum = "sha256:12a6abb9c2902cf48a21120da13f87fde1ed1b71a13330712949e8db818708ba"
url = "https://nodejs.org/dist/v22.22.2/node-v22.22.2-darwin-x64.tar.gz"

[tools.node."platforms.windows-x64"]
checksum = "sha256:7c93e9d92bf68c07182b471aa187e35ee6cd08ef0f24ab060dfff605fcc1c57c"
url = "https://nodejs.org/dist/v22.22.2/node-v22.22.2-win-x64.zip"

[[tools.pkl]]
version = "0.30.2"
backend = "aqua:apple/pkl"

[tools.pkl."platforms.linux-arm64"]
checksum = "sha256:8da3ae65104eb7058e35dc4a9fe46bd8ece2b6faf4b65d0b1054cadb2ede0246"
url = "https://github.com/apple/pkl/releases/download/0.30.2/pkl-linux-aarch64"

[tools.pkl."platforms.linux-arm64-musl"]
checksum = "sha256:8da3ae65104eb7058e35dc4a9fe46bd8ece2b6faf4b65d0b1054cadb2ede0246"
url = "https://github.com/apple/pkl/releases/download/0.30.2/pkl-linux-aarch64"

[tools.pkl."platforms.linux-x64"]
checksum = "sha256:474e5137d60a9e2320fde19a526f42c36d8e9d3b245139d59a9b8dff85283c76"
url = "https://github.com/apple/pkl/releases/download/0.30.2/pkl-linux-amd64"

[tools.pkl."platforms.linux-x64-musl"]
checksum = "sha256:474e5137d60a9e2320fde19a526f42c36d8e9d3b245139d59a9b8dff85283c76"
url = "https://github.com/apple/pkl/releases/download/0.30.2/pkl-linux-amd64"

[tools.pkl."platforms.macos-arm64"]
checksum = "sha256:f1db44c0f6f859aee88c9d7d272f2371ae40ac95ec9957ae78eff51665158e04"
url = "https://github.com/apple/pkl/releases/download/0.30.2/pkl-macos-aarch64"

[tools.pkl."platforms.macos-x64"]
checksum = "sha256:5f62ae7a7a34c15b3a83af17bda8e6b98516953f383a492340d4aa090caaa6d9"
url = "https://github.com/apple/pkl/releases/download/0.30.2/pkl-macos-amd64"

[tools.pkl."platforms.windows-x64"]
checksum = "sha256:19e92aa59bcf4e54963b6e3b419af7e1b939f5793b44f4a08d60bab1217106f4"
url = "https://github.com/apple/pkl/releases/download/0.30.2/pkl-windows-amd64.exe"

[[tools.pulumi]]
version = "3.233.0"
backend = "aqua:pulumi/pulumi"

[tools.pulumi."platforms.linux-arm64"]
checksum = "sha256:a7d75687d8d9519bbb39a7e276681ac2b735082e604d308e9af0d3ff4bd0071a"
url = "https://github.com/pulumi/pulumi/releases/download/v3.233.0/pulumi-v3.233.0-linux-arm64.tar.gz"
provenance = "cosign"

[tools.pulumi."platforms.linux-arm64-musl"]
checksum = "sha256:a7d75687d8d9519bbb39a7e276681ac2b735082e604d308e9af0d3ff4bd0071a"
url = "https://github.com/pulumi/pulumi/releases/download/v3.233.0/pulumi-v3.233.0-linux-arm64.tar.gz"
provenance = "cosign"

[tools.pulumi."platforms.linux-x64"]
checksum = "sha256:31b075a4d23947047582816b8773ae7c1261027712700817bb5a2da12391dc0d"
url = "https://github.com/pulumi/pulumi/releases/download/v3.233.0/pulumi-v3.233.0-linux-x64.tar.gz"
provenance = "cosign"

[tools.pulumi."platforms.linux-x64-musl"]
checksum = "sha256:31b075a4d23947047582816b8773ae7c1261027712700817bb5a2da12391dc0d"
url = "https://github.com/pulumi/pulumi/releases/download/v3.233.0/pulumi-v3.233.0-linux-x64.tar.gz"
provenance = "cosign"

[tools.pulumi."platforms.macos-arm64"]
checksum = "sha256:dd16f4f4839c630fdb14b21c7001cf628bfac01e2bf500f1aabbdb618f1dec3b"
url = "https://github.com/pulumi/pulumi/releases/download/v3.233.0/pulumi-v3.233.0-darwin-arm64.tar.gz"
provenance = "cosign"

[tools.pulumi."platforms.macos-x64"]
checksum = "sha256:8c7ed3526d620e1f8ee383b95d0cfc1f93278ea55560fe0b08f14306d1a84d7f"
url = "https://github.com/pulumi/pulumi/releases/download/v3.233.0/pulumi-v3.233.0-darwin-x64.tar.gz"
provenance = "cosign"

[tools.pulumi."platforms.windows-x64"]
checksum = "sha256:c06573122665319826e43df690e5737f5bb176cf98207ba497d009f599f1ccb0"
url = "https://github.com/pulumi/pulumi/releases/download/v3.233.0/pulumi-v3.233.0-windows-x64.zip"
provenance = "cosign"

[[tools.python]]
version = "3.11.15"
backend = "core:python"

[tools.python."platforms.linux-arm64"]
checksum = "sha256:e244df64d3f281d2cf33f492499a33a1cf5d872936ffc402ece48b833819c2a7"
url = "https://github.com/astral-sh/python-build-standalone/releases/download/20260414/cpython-3.11.15+20260414-aarch64-unknown-linux-gnu-install_only_stripped.tar.gz"
provenance = "github-attestations"

[tools.python."platforms.linux-arm64-musl"]
checksum = "sha256:0992a56583cc9dd22915413cea71f1d7df94c266f4e9790f32968f47f1f88109"
url = "https://github.com/astral-sh/python-build-standalone/releases/download/20260414/cpython-3.11.15+20260414-aarch64-unknown-linux-musl-install_only_stripped.tar.gz"
provenance = "github-attestations"

[tools.python."platforms.linux-x64"]
checksum = "sha256:b702a19b26cbd007abf9ccbaa45dfdff99e9dbd646d89c9f3c9bb7b501aea44f"
url = "https://github.com/astral-sh/python-build-standalone/releases/download/20260414/cpython-3.11.15+20260414-x86_64-unknown-linux-gnu-install_only_stripped.tar.gz"
provenance = "github-attestations"

[tools.python."platforms.linux-x64-musl"]
checksum = "sha256:fe527bf795cc18e0430e73bfabb82d0427f6f6af00596b3534934c9ed325d50a"
url = "https://github.com/astral-sh/python-build-standalone/releases/download/20260414/cpython-3.11.15+20260414-x86_64-unknown-linux-musl-install_only_stripped.tar.gz"
provenance = "github-attestations"

[tools.python."platforms.macos-arm64"]
checksum = "sha256:7089d127a9933d860b3e4ae704234c664d2713825f27c0c6b89dd399adabbdf6"
url = "https://github.com/astral-sh/python-build-standalone/releases/download/20260414/cpython-3.11.15+20260414-aarch64-apple-darwin-install_only_stripped.tar.gz"
provenance = "github-attestations"

[tools.python."platforms.macos-x64"]
checksum = "sha256:7a7891dae2d45cd03e9a029db87923e913a0e9ed77fe03173c5c462ccedae594"
url = "https://github.com/astral-sh/python-build-standalone/releases/download/20260414/cpython-3.11.15+20260414-x86_64-apple-darwin-install_only_stripped.tar.gz"
provenance = "github-attestations"

[tools.python."platforms.windows-x64"]
checksum = "sha256:71ffdf290e0483f0881e02518ecb9cedb449807856ae7dc76aa630e5acd00919"
url = "https://github.com/astral-sh/python-build-standalone/releases/download/20260414/cpython-3.11.15+20260414-x86_64-pc-windows-msvc-install_only_stripped.tar.gz"
provenance = "github-attestations"

[[tools.taplo]]
version = "0.10.0"
backend = "aqua:tamasfe/taplo"

[tools.taplo."platforms.linux-arm64"]
url = "https://github.com/tamasfe/taplo/releases/download/0.10.0/taplo-linux-aarch64.gz"

[tools.taplo."platforms.linux-arm64-musl"]
url = "https://github.com/tamasfe/taplo/releases/download/0.10.0/taplo-linux-aarch64.gz"

[tools.taplo."platforms.linux-x64"]
url = "https://github.com/tamasfe/taplo/releases/download/0.10.0/taplo-linux-x86_64.gz"

[tools.taplo."platforms.linux-x64-musl"]
url = "https://github.com/tamasfe/taplo/releases/download/0.10.0/taplo-linux-x86_64.gz"

[tools.taplo."platforms.macos-arm64"]
url = "https://github.com/tamasfe/taplo/releases/download/0.10.0/taplo-darwin-aarch64.gz"

[tools.taplo."platforms.macos-x64"]
url = "https://github.com/tamasfe/taplo/releases/download/0.10.0/taplo-darwin-x86_64.gz"

[tools.taplo."platforms.windows-x64"]
url = "https://github.com/tamasfe/taplo/releases/download/0.10.0/taplo-windows-x86_64.zip"

[[tools.uv]]
version = "0.11.6"
backend = "aqua:astral-sh/uv"

[tools.uv."platforms.linux-arm64"]
checksum = "sha256:d14ebd6f200047264152daaf97b8bd36c7885a5033e9e8bba8366cb0049c0d00"
url = "https://github.com/astral-sh/uv/releases/download/0.11.6/uv-aarch64-unknown-linux-musl.tar.gz"
provenance = "github-attestations"

[tools.uv."platforms.linux-arm64-musl"]
checksum = "sha256:d14ebd6f200047264152daaf97b8bd36c7885a5033e9e8bba8366cb0049c0d00"
url = "https://github.com/astral-sh/uv/releases/download/0.11.6/uv-aarch64-unknown-linux-musl.tar.gz"
provenance = "github-attestations"

[tools.uv."platforms.linux-x64"]
checksum = "sha256:aa342a53abe42364093506d7704214d2cdca30b916843e520bc67759a5d20132"
url = "https://github.com/astral-sh/uv/releases/download/0.11.6/uv-x86_64-unknown-linux-musl.tar.gz"
provenance = "github-attestations"

[tools.uv."platforms.linux-x64-musl"]
checksum = "sha256:aa342a53abe42364093506d7704214d2cdca30b916843e520bc67759a5d20132"
url = "https://github.com/astral-sh/uv/releases/download/0.11.6/uv-x86_64-unknown-linux-musl.tar.gz"
provenance = "github-attestations"

[tools.uv."platforms.macos-arm64"]
checksum = "sha256:4b69a4e366ec38cd5f305707de95e12951181c448679a00dce2a78868dfc9f5b"
url = "https://github.com/astral-sh/uv/releases/download/0.11.6/uv-aarch64-apple-darwin.tar.gz"
provenance = "github-attestations"

[tools.uv."platforms.macos-x64"]
checksum = "sha256:8e0ed5035eaa28c7c8cd2a46b5b9a05bfff1ef01dbdc090a010eb8fdf193a457"
url = "https://github.com/astral-sh/uv/releases/download/0.11.6/uv-x86_64-apple-darwin.tar.gz"
provenance = "github-attestations"

[tools.uv."platforms.windows-x64"]
checksum = "sha256:99aa60edd017a256dbf378f372d1cff3292dbc6696e0ea01716d9158d773ab77"
url = "https://github.com/astral-sh/uv/releases/download/0.11.6/uv-x86_64-pc-windows-msvc.zip"
provenance = "github-attestations"

[[tools.yamllint]]
version = "1.38.0"
backend = "pipx:yamllint"
